
Microsoft Visual Studio Solution File, Format Version 12.00
# Visual Studio Version 17
VisualStudioVersion = 17.7.34221.43
MinimumVisualStudioVersion = 10.0.40219.1
Project("{9A19103F-16F7-4668-BE54-9A1E7A4F7556}") = "WinFormsApp1", "WinFormsApp1\WinFormsApp1.csproj", "{DD3C227E-EE4C-458C-92EA-BAB5F5A4A884}"
EndProject
Global
	GlobalSection(SolutionConfigurationPlatforms) = preSolution
		Debug|Any CPU = Debug|Any CPU
		Release|Any CPU = Release|Any CPU
	EndGlobalSection
	GlobalSection(ProjectConfigurationPlatforms) = postSolution
		{DD3C227E-EE4C-458C-92EA-BAB5F5A4A884}.Debug|Any CPU.ActiveCfg = Debug|Any CPU
		{DD3C227E-EE4C-458C-92EA-BAB5F5A4A884}.Debug|Any CPU.Build.0 = Debug|Any CPU
		{DD3C227E-EE4C-458C-92EA-BAB5F5A4A884}.Release|Any CPU.ActiveCfg = Release|Any CPU
		{DD3C227E-EE4C-458C-92EA-BAB5F5A4A884}.Release|Any CPU.Build.0 = Release|Any CPU
	EndGlobalSection
	GlobalSection(SolutionProperties) = preSolution
		HideSolutionNode = FALSE
	EndGlobalSection
	GlobalSection(ExtensibilityGlobals) = postSolution
		SolutionGuid = {85B2EACF-A28E-45F6-8987-9908CE99F015}
	EndGlobalSection
EndGlobal
